
Microsoft Visual Studio Solution File, Format Version 12.00
# Visual Studio Version 16
VisualStudioVersion = 16.0.29424.173
MinimumVisualStudioVersion = 10.0.40219.1
Project("{9A19103F-16F7-4668-BE54-9A1E7A4F7556}") = "Media", "Media\Media.csproj", "{5CE44C85-A862-4E11-A48D-19ADD76C9999}"
EndProject
Project("{9A19103F-16F7-4668-BE54-9A1E7A4F7556}") = "Common", "Common\Common.csproj", "{2A104CC0-EA03-40C2-A56D-FCE0FA82ACE1}"
EndProject
Project("{9A19103F-16F7-4668-BE54-9A1E7A4F7556}") = "Codecs", "Codecs\Codecs.csproj", "{D1629922-1A91-4DAB-9B20-92FFDFAAFCF7}"
EndProject
Project("{9A19103F-16F7-4668-BE54-9A1E7A4F7556}") = "Codecs.Audio", "Codecs\Audio\Codecs.Audio.csproj", "{F083C10E-C48D-4D46-AAB2-0F37C6765C95}"
EndProject
Project("{9A19103F-16F7-4668-BE54-9A1E7A4F7556}") = "Codecs.Image", "Codecs\Image\Codecs.Image.csproj", "{741F515C-B960-4FCD-80B8-845E08D9545E}"
EndProject
Project("{9A19103F-16F7-4668-BE54-9A1E7A4F7556}") = "Codecs.Video", "Codecs\VIdeo\Codecs.Video.csproj", "{F585B86C-728E-45E0-BC76-F9FB0384DE99}"
EndProject
Project("{9A19103F-16F7-4668-BE54-9A1E7A4F7556}") = "Codec.H264", "Codecs\Video\H264\Codec.H264.csproj", "{E72BA4A7-E23A-45FA-A967-152D68F80DD3}"
EndProject
Project("{9A19103F-16F7-4668-BE54-9A1E7A4F7556}") = "Rtp", "Rtp\Rtp.csproj", "{E2A1A00F-A5DF-4382-B474-84307BAEC87E}"
EndProject
Project("{9A19103F-16F7-4668-BE54-9A1E7A4F7556}") = "Sdp", "Sdp\Sdp.csproj", "{346BCBF1-D419-4679-B3BD-81776BB37683}"
EndProject
Project("{9A19103F-16F7-4668-BE54-9A1E7A4F7556}") = "Ntp", "Ntp\Ntp.csproj", "{0C04C14A-6A4B-42E7-870B-9F8132B8116E}"
EndProject
Project("{9A19103F-16F7-4668-BE54-9A1E7A4F7556}") = "Cryptography", "Cryptography\Cryptography.csproj", "{3A6276E7-3144-4CD2-9537-46006EB8B2FE}"
EndProject
Project("{9A19103F-16F7-4668-BE54-9A1E7A4F7556}") = "Rtsp", "Rtsp\Rtsp.csproj", "{8EB7128D-7CF2-46BD-92CD-5E384BD2A058}"
EndProject
Project("{9A19103F-16F7-4668-BE54-9A1E7A4F7556}") = "Http", "Http\Http.csproj", "{192CE148-1937-4BF0-BE85-6035F9F37ED4}"
EndProject
Project("{9A19103F-16F7-4668-BE54-9A1E7A4F7556}") = "Concepts", "Concepts\Concepts.csproj", "{1DA3E04D-1348-4BE5-AE2E-8CBA405716C1}"
EndProject
Project("{9A19103F-16F7-4668-BE54-9A1E7A4F7556}") = "UnitTests", "UnitTests\UnitTests.csproj", "{15B1B063-CFB9-4716-AA50-3397DF87F050}"
EndProject
Project("{9A19103F-16F7-4668-BE54-9A1E7A4F7556}") = "Container", "Containers\Container.csproj", "{EA6368E7-0F0D-4097-8550-11EF0C4D9621}"
EndProject
Project("{9A19103F-16F7-4668-BE54-9A1E7A4F7556}") = "RtpTools", "RtpTools\RtpTools.csproj", "{8D0BCE36-A176-4856-8DEA-CD966058A485}"
EndProject
Project("{9A19103F-16F7-4668-BE54-9A1E7A4F7556}") = "Container.BaseMedia", "Containers\BaseMedia\Container.BaseMedia.csproj", "{05F17BFD-C318-493B-8507-EA0E64604D46}"
EndProject
Project("{9A19103F-16F7-4668-BE54-9A1E7A4F7556}") = "RtspServer", "RtspServer\RtspServer.csproj", "{F468E508-8FD5-4CDA-A78C-CA0BB26F8814}"
EndProject
Project("{9A19103F-16F7-4668-BE54-9A1E7A4F7556}") = "Codec.Jpeg", "Codecs\Image\Jpeg\Codec.Jpeg.csproj", "{ACC7731D-78D7-415A-BBC1-E850C07B65E2}"
EndProject
Project("{9A19103F-16F7-4668-BE54-9A1E7A4F7556}") = "Mpeg", "Codecs\Mpeg\Mpeg.csproj", "{BE1E7259-E797-4924-9E3D-90143388F9EF}"
EndProject
Project("{9A19103F-16F7-4668-BE54-9A1E7A4F7556}") = "Mpeg2", "Codecs\Video\Mpeg2\Mpeg2.csproj", "{34F670FA-BADE-4C7E-A644-E4C18E967962}"
EndProject
Project("{9A19103F-16F7-4668-BE54-9A1E7A4F7556}") = "Mpeg4", "Codecs\Video\Mpeg4\Mpeg4.csproj", "{F225D228-0C71-4304-863F-D0C71F3A2328}"
EndProject
Project("{9A19103F-16F7-4668-BE54-9A1E7A4F7556}") = "Container.Riff", "Containers\Riff\Container.Riff.csproj", "{684BAA06-EDA3-46BD-8E43-DB78802A56CB}"
EndProject
Project("{9A19103F-16F7-4668-BE54-9A1E7A4F7556}") = "Container.Asf", "Containers\Asf\Container.Asf.csproj", "{779DF854-5E1D-4A0E-964D-3CE8AF6AAD2D}"
EndProject
Project("{9A19103F-16F7-4668-BE54-9A1E7A4F7556}") = "Container.Matroska", "Containers\Matroska\Container.Matroska.csproj", "{1E25D207-B014-43AB-A93D-408BD8D67A2A}"
EndProject
Project("{9A19103F-16F7-4668-BE54-9A1E7A4F7556}") = "Container.Ogg", "Containers\Ogg\Container.Ogg.csproj", "{47E8EEC0-790D-4C73-AD05-B37D5D9547EE}"
EndProject
Project("{9A19103F-16F7-4668-BE54-9A1E7A4F7556}") = "Container.Mxf", "Containers\Mxf\Container.Mxf.csproj", "{8086208D-117C-4471-9C67-D5F026CAFF96}"
EndProject
Project("{9A19103F-16F7-4668-BE54-9A1E7A4F7556}") = "Container.Nut", "Containers\Nut\Container.Nut.csproj", "{D3466058-E063-4C02-B23E-0EF3811AAF0D}"
EndProject
Project("{9A19103F-16F7-4668-BE54-9A1E7A4F7556}") = "Sip", "Sip\Sip.csproj", "{A8114D74-8D27-47C2-A2F5-70F4965EF81B}"
EndProject
Project("{FAE04EC0-301F-11D3-BF4B-00C04F79EFBC}") = "Container.Mcf", "Containers\Mcf\Container.Mcf.csproj", "{0D200A09-4C64-4B86-851F-0ACC35805A0E}"
EndProject
Project("{FAE04EC0-301F-11D3-BF4B-00C04F79EFBC}") = "Container.Gxf", "Containers\Gxf\Container.Gxf.csproj", "{D59CDA54-6FA9-48F5-9833-64F17AC62131}"
EndProject
Project("{FAE04EC0-301F-11D3-BF4B-00C04F79EFBC}") = "Container.Real", "Containers\Real\Container.Real.csproj", "{E1021D3F-E11E-40E1-BCA4-8848970F8D17}"
EndProject
Project("{FAE04EC0-301F-11D3-BF4B-00C04F79EFBC}") = "Codec.Aac", "Codecs\Audio\Aac\Codec.Aac.csproj", "{2B1CDDD8-C8DC-44EE-8C13-1ABA07BD8C00}"
EndProject
Project("{FAE04EC0-301F-11D3-BF4B-00C04F79EFBC}") = "Codec.AC3", "Codecs\Audio\AC3\Codec.AC3.csproj", "{B62C26C0-8630-4DAC-BF79-2F82141D495F}"
EndProject
Project("{9A19103F-16F7-4668-BE54-9A1E7A4F7556}") = "Codec.Alaw", "Codecs\Audio\Alaw\Codec.Alaw.csproj", "{EFE440B7-D618-4D40-8E1E-40F6EFDB69A2}"
EndProject
Project("{FAE04EC0-301F-11D3-BF4B-00C04F79EFBC}") = "Codec.G722", "Codecs\Audio\G722\Codec.G722.csproj", "{A1A4249C-27AB-4A5E-AE9A-46846D02CAEB}"
EndProject
Project("{9A19103F-16F7-4668-BE54-9A1E7A4F7556}") = "Codec.Mulaw", "Codecs\Audio\Mulaw\Codec.Mulaw.csproj", "{7CB205CF-EF14-4776-BBAA-E47F9E3235DE}"
EndProject
Global
	GlobalSection(SolutionConfigurationPlatforms) = preSolution
		Debug|Any CPU = Debug|Any CPU
		Release|Any CPU = Release|Any CPU
	EndGlobalSection
	GlobalSection(ProjectConfigurationPlatforms) = postSolution
		{5CE44C85-A862-4E11-A48D-19ADD76C9999}.Debug|Any CPU.ActiveCfg = Debug|Any CPU
		{5CE44C85-A862-4E11-A48D-19ADD76C9999}.Debug|Any CPU.Build.0 = Debug|Any CPU
		{5CE44C85-A862-4E11-A48D-19ADD76C9999}.Release|Any CPU.ActiveCfg = Release|Any CPU
		{5CE44C85-A862-4E11-A48D-19ADD76C9999}.Release|Any CPU.Build.0 = Release|Any CPU
		{2A104CC0-EA03-40C2-A56D-FCE0FA82ACE1}.Debug|Any CPU.ActiveCfg = Debug|Any CPU
		{2A104CC0-EA03-40C2-A56D-FCE0FA82ACE1}.Debug|Any CPU.Build.0 = Debug|Any CPU
		{2A104CC0-EA03-40C2-A56D-FCE0FA82ACE1}.Release|Any CPU.ActiveCfg = Release|Any CPU
		{2A104CC0-EA03-40C2-A56D-FCE0FA82ACE1}.Release|Any CPU.Build.0 = Release|Any CPU
		{D1629922-1A91-4DAB-9B20-92FFDFAAFCF7}.Debug|Any CPU.ActiveCfg = Debug|Any CPU
		{D1629922-1A91-4DAB-9B20-92FFDFAAFCF7}.Debug|Any CPU.Build.0 = Debug|Any CPU
		{D1629922-1A91-4DAB-9B20-92FFDFAAFCF7}.Release|Any CPU.ActiveCfg = Release|Any CPU
		{D1629922-1A91-4DAB-9B20-92FFDFAAFCF7}.Release|Any CPU.Build.0 = Release|Any CPU
		{F083C10E-C48D-4D46-AAB2-0F37C6765C95}.Debug|Any CPU.ActiveCfg = Debug|Any CPU
		{F083C10E-C48D-4D46-AAB2-0F37C6765C95}.Debug|Any CPU.Build.0 = Debug|Any CPU
		{F083C10E-C48D-4D46-AAB2-0F37C6765C95}.Release|Any CPU.ActiveCfg = Release|Any CPU
		{F083C10E-C48D-4D46-AAB2-0F37C6765C95}.Release|Any CPU.Build.0 = Release|Any CPU
		{741F515C-B960-4FCD-80B8-845E08D9545E}.Debug|Any CPU.ActiveCfg = Debug|Any CPU
		{741F515C-B960-4FCD-80B8-845E08D9545E}.Debug|Any CPU.Build.0 = Debug|Any CPU
		{741F515C-B960-4FCD-80B8-845E08D9545E}.Release|Any CPU.ActiveCfg = Release|Any CPU
		{741F515C-B960-4FCD-80B8-845E08D9545E}.Release|Any CPU.Build.0 = Release|Any CPU
		{F585B86C-728E-45E0-BC76-F9FB0384DE99}.Debug|Any CPU.ActiveCfg = Debug|Any CPU
		{F585B86C-728E-45E0-BC76-F9FB0384DE99}.Debug|Any CPU.Build.0 = Debug|Any CPU
		{F585B86C-728E-45E0-BC76-F9FB0384DE99}.Release|Any CPU.ActiveCfg = Release|Any CPU
		{F585B86C-728E-45E0-BC76-F9FB0384DE99}.Release|Any CPU.Build.0 = Release|Any CPU
		{E72BA4A7-E23A-45FA-A967-152D68F80DD3}.Debug|Any CPU.ActiveCfg = Debug|Any CPU
		{E72BA4A7-E23A-45FA-A967-152D68F80DD3}.Debug|Any CPU.Build.0 = Debug|Any CPU
		{E72BA4A7-E23A-45FA-A967-152D68F80DD3}.Release|Any CPU.ActiveCfg = Release|Any CPU
		{E72BA4A7-E23A-45FA-A967-152D68F80DD3}.Release|Any CPU.Build.0 = Release|Any CPU
		{E2A1A00F-A5DF-4382-B474-84307BAEC87E}.Debug|Any CPU.ActiveCfg = Debug|Any CPU
		{E2A1A00F-A5DF-4382-B474-84307BAEC87E}.Debug|Any CPU.Build.0 = Debug|Any CPU
		{E2A1A00F-A5DF-4382-B474-84307BAEC87E}.Release|Any CPU.ActiveCfg = Release|Any CPU
		{E2A1A00F-A5DF-4382-B474-84307BAEC87E}.Release|Any CPU.Build.0 = Release|Any CPU
		{346BCBF1-D419-4679-B3BD-81776BB37683}.Debug|Any CPU.ActiveCfg = Debug|Any CPU
		{346BCBF1-D419-4679-B3BD-81776BB37683}.Debug|Any CPU.Build.0 = Debug|Any CPU
		{346BCBF1-D419-4679-B3BD-81776BB37683}.Release|Any CPU.ActiveCfg = Release|Any CPU
		{346BCBF1-D419-4679-B3BD-81776BB37683}.Release|Any CPU.Build.0 = Release|Any CPU
		{0C04C14A-6A4B-42E7-870B-9F8132B8116E}.Debug|Any CPU.ActiveCfg = Debug|Any CPU
		{0C04C14A-6A4B-42E7-870B-9F8132B8116E}.Debug|Any CPU.Build.0 = Debug|Any CPU
		{0C04C14A-6A4B-42E7-870B-9F8132B8116E}.Release|Any CPU.ActiveCfg = Release|Any CPU
		{0C04C14A-6A4B-42E7-870B-9F8132B8116E}.Release|Any CPU.Build.0 = Release|Any CPU
		{3A6276E7-3144-4CD2-9537-46006EB8B2FE}.Debug|Any CPU.ActiveCfg = Debug|Any CPU
		{3A6276E7-3144-4CD2-9537-46006EB8B2FE}.Debug|Any CPU.Build.0 = Debug|Any CPU
		{3A6276E7-3144-4CD2-9537-46006EB8B2FE}.Release|Any CPU.ActiveCfg = Release|Any CPU
		{3A6276E7-3144-4CD2-9537-46006EB8B2FE}.Release|Any CPU.Build.0 = Release|Any CPU
		{8EB7128D-7CF2-46BD-92CD-5E384BD2A058}.Debug|Any CPU.ActiveCfg = Debug|Any CPU
		{8EB7128D-7CF2-46BD-92CD-5E384BD2A058}.Debug|Any CPU.Build.0 = Debug|Any CPU
		{8EB7128D-7CF2-46BD-92CD-5E384BD2A058}.Release|Any CPU.ActiveCfg = Release|Any CPU
		{8EB7128D-7CF2-46BD-92CD-5E384BD2A058}.Release|Any CPU.Build.0 = Release|Any CPU
		{192CE148-1937-4BF0-BE85-6035F9F37ED4}.Debug|Any CPU.ActiveCfg = Debug|Any CPU
		{192CE148-1937-4BF0-BE85-6035F9F37ED4}.Debug|Any CPU.Build.0 = Debug|Any CPU
		{192CE148-1937-4BF0-BE85-6035F9F37ED4}.Release|Any CPU.ActiveCfg = Release|Any CPU
		{192CE148-1937-4BF0-BE85-6035F9F37ED4}.Release|Any CPU.Build.0 = Release|Any CPU
		{1DA3E04D-1348-4BE5-AE2E-8CBA405716C1}.Debug|Any CPU.ActiveCfg = Debug|Any CPU
		{1DA3E04D-1348-4BE5-AE2E-8CBA405716C1}.Debug|Any CPU.Build.0 = Debug|Any CPU
		{1DA3E04D-1348-4BE5-AE2E-8CBA405716C1}.Release|Any CPU.ActiveCfg = Release|Any CPU
		{1DA3E04D-1348-4BE5-AE2E-8CBA405716C1}.Release|Any CPU.Build.0 = Release|Any CPU
		{15B1B063-CFB9-4716-AA50-3397DF87F050}.Debug|Any CPU.ActiveCfg = Debug|Any CPU
		{15B1B063-CFB9-4716-AA50-3397DF87F050}.Debug|Any CPU.Build.0 = Debug|Any CPU
		{15B1B063-CFB9-4716-AA50-3397DF87F050}.Release|Any CPU.ActiveCfg = Release|Any CPU
		{15B1B063-CFB9-4716-AA50-3397DF87F050}.Release|Any CPU.Build.0 = Release|Any CPU
		{EA6368E7-0F0D-4097-8550-11EF0C4D9621}.Debug|Any CPU.ActiveCfg = Debug|Any CPU
		{EA6368E7-0F0D-4097-8550-11EF0C4D9621}.Debug|Any CPU.Build.0 = Debug|Any CPU
		{EA6368E7-0F0D-4097-8550-11EF0C4D9621}.Release|Any CPU.ActiveCfg = Release|Any CPU
		{EA6368E7-0F0D-4097-8550-11EF0C4D9621}.Release|Any CPU.Build.0 = Release|Any CPU
		{8D0BCE36-A176-4856-8DEA-CD966058A485}.Debug|Any CPU.ActiveCfg = Debug|Any CPU
		{8D0BCE36-A176-4856-8DEA-CD966058A485}.Debug|Any CPU.Build.0 = Debug|Any CPU
		{8D0BCE36-A176-4856-8DEA-CD966058A485}.Release|Any CPU.ActiveCfg = Release|Any CPU
		{8D0BCE36-A176-4856-8DEA-CD966058A485}.Release|Any CPU.Build.0 = Release|Any CPU
		{05F17BFD-C318-493B-8507-EA0E64604D46}.Debug|Any CPU.ActiveCfg = Debug|Any CPU
		{05F17BFD-C318-493B-8507-EA0E64604D46}.Debug|Any CPU.Build.0 = Debug|Any CPU
		{05F17BFD-C318-493B-8507-EA0E64604D46}.Release|Any CPU.ActiveCfg = Release|Any CPU
		{05F17BFD-C318-493B-8507-EA0E64604D46}.Release|Any CPU.Build.0 = Release|Any CPU
		{F468E508-8FD5-4CDA-A78C-CA0BB26F8814}.Debug|Any CPU.ActiveCfg = Debug|Any CPU
		{F468E508-8FD5-4CDA-A78C-CA0BB26F8814}.Debug|Any CPU.Build.0 = Debug|Any CPU
		{F468E508-8FD5-4CDA-A78C-CA0BB26F8814}.Release|Any CPU.ActiveCfg = Release|Any CPU
		{F468E508-8FD5-4CDA-A78C-CA0BB26F8814}.Release|Any CPU.Build.0 = Release|Any CPU
		{ACC7731D-78D7-415A-BBC1-E850C07B65E2}.Debug|Any CPU.ActiveCfg = Debug|Any CPU
		{ACC7731D-78D7-415A-BBC1-E850C07B65E2}.Debug|Any CPU.Build.0 = Debug|Any CPU
		{ACC7731D-78D7-415A-BBC1-E850C07B65E2}.Release|Any CPU.ActiveCfg = Release|Any CPU
		{ACC7731D-78D7-415A-BBC1-E850C07B65E2}.Release|Any CPU.Build.0 = Release|Any CPU
		{BE1E7259-E797-4924-9E3D-90143388F9EF}.Debug|Any CPU.ActiveCfg = Debug|Any CPU
		{BE1E7259-E797-4924-9E3D-90143388F9EF}.Debug|Any CPU.Build.0 = Debug|Any CPU
		{BE1E7259-E797-4924-9E3D-90143388F9EF}.Release|Any CPU.ActiveCfg = Release|Any CPU
		{BE1E7259-E797-4924-9E3D-90143388F9EF}.Release|Any CPU.Build.0 = Release|Any CPU
		{34F670FA-BADE-4C7E-A644-E4C18E967962}.Debug|Any CPU.ActiveCfg = Debug|Any CPU
		{34F670FA-BADE-4C7E-A644-E4C18E967962}.Debug|Any CPU.Build.0 = Debug|Any CPU
		{34F670FA-BADE-4C7E-A644-E4C18E967962}.Release|Any CPU.ActiveCfg = Release|Any CPU
		{34F670FA-BADE-4C7E-A644-E4C18E967962}.Release|Any CPU.Build.0 = Release|Any CPU
		{F225D228-0C71-4304-863F-D0C71F3A2328}.Debug|Any CPU.ActiveCfg = Debug|Any CPU
		{F225D228-0C71-4304-863F-D0C71F3A2328}.Debug|Any CPU.Build.0 = Debug|Any CPU
		{F225D228-0C71-4304-863F-D0C71F3A2328}.Release|Any CPU.ActiveCfg = Release|Any CPU
		{F225D228-0C71-4304-863F-D0C71F3A2328}.Release|Any CPU.Build.0 = Release|Any CPU
		{684BAA06-EDA3-46BD-8E43-DB78802A56CB}.Debug|Any CPU.ActiveCfg = Debug|Any CPU
		{684BAA06-EDA3-46BD-8E43-DB78802A56CB}.Debug|Any CPU.Build.0 = Debug|Any CPU
		{684BAA06-EDA3-46BD-8E43-DB78802A56CB}.Release|Any CPU.ActiveCfg = Release|Any CPU
		{684BAA06-EDA3-46BD-8E43-DB78802A56CB}.Release|Any CPU.Build.0 = Release|Any CPU
		{779DF854-5E1D-4A0E-964D-3CE8AF6AAD2D}.Debug|Any CPU.ActiveCfg = Debug|Any CPU
		{779DF854-5E1D-4A0E-964D-3CE8AF6AAD2D}.Debug|Any CPU.Build.0 = Debug|Any CPU
		{779DF854-5E1D-4A0E-964D-3CE8AF6AAD2D}.Release|Any CPU.ActiveCfg = Release|Any CPU
		{779DF854-5E1D-4A0E-964D-3CE8AF6AAD2D}.Release|Any CPU.Build.0 = Release|Any CPU
		{1E25D207-B014-43AB-A93D-408BD8D67A2A}.Debug|Any CPU.ActiveCfg = Debug|Any CPU
		{1E25D207-B014-43AB-A93D-408BD8D67A2A}.Debug|Any CPU.Build.0 = Debug|Any CPU
		{1E25D207-B014-43AB-A93D-408BD8D67A2A}.Release|Any CPU.ActiveCfg = Release|Any CPU
		{1E25D207-B014-43AB-A93D-408BD8D67A2A}.Release|Any CPU.Build.0 = Release|Any CPU
		{47E8EEC0-790D-4C73-AD05-B37D5D9547EE}.Debug|Any CPU.ActiveCfg = Debug|Any CPU
		{47E8EEC0-790D-4C73-AD05-B37D5D9547EE}.Debug|Any CPU.Build.0 = Debug|Any CPU
		{47E8EEC0-790D-4C73-AD05-B37D5D9547EE}.Release|Any CPU.ActiveCfg = Release|Any CPU
		{47E8EEC0-790D-4C73-AD05-B37D5D9547EE}.Release|Any CPU.Build.0 = Release|Any CPU
		{8086208D-117C-4471-9C67-D5F026CAFF96}.Debug|Any CPU.ActiveCfg = Debug|Any CPU
		{8086208D-117C-4471-9C67-D5F026CAFF96}.Debug|Any CPU.Build.0 = Debug|Any CPU
		{8086208D-117C-4471-9C67-D5F026CAFF96}.Release|Any CPU.ActiveCfg = Release|Any CPU
		{8086208D-117C-4471-9C67-D5F026CAFF96}.Release|Any CPU.Build.0 = Release|Any CPU
		{D3466058-E063-4C02-B23E-0EF3811AAF0D}.Debug|Any CPU.ActiveCfg = Debug|Any CPU
		{D3466058-E063-4C02-B23E-0EF3811AAF0D}.Debug|Any CPU.Build.0 = Debug|Any CPU
		{D3466058-E063-4C02-B23E-0EF3811AAF0D}.Release|Any CPU.ActiveCfg = Release|Any CPU
		{D3466058-E063-4C02-B23E-0EF3811AAF0D}.Release|Any CPU.Build.0 = Release|Any CPU
		{A8114D74-8D27-47C2-A2F5-70F4965EF81B}.Debug|Any CPU.ActiveCfg = Debug|Any CPU
		{A8114D74-8D27-47C2-A2F5-70F4965EF81B}.Debug|Any CPU.Build.0 = Debug|Any CPU
		{A8114D74-8D27-47C2-A2F5-70F4965EF81B}.Release|Any CPU.ActiveCfg = Release|Any CPU
		{A8114D74-8D27-47C2-A2F5-70F4965EF81B}.Release|Any CPU.Build.0 = Release|Any CPU
		{0D200A09-4C64-4B86-851F-0ACC35805A0E}.Debug|Any CPU.ActiveCfg = Debug|Any CPU
		{0D200A09-4C64-4B86-851F-0ACC35805A0E}.Debug|Any CPU.Build.0 = Debug|Any CPU
		{0D200A09-4C64-4B86-851F-0ACC35805A0E}.Release|Any CPU.ActiveCfg = Release|Any CPU
		{0D200A09-4C64-4B86-851F-0ACC35805A0E}.Release|Any CPU.Build.0 = Release|Any CPU
		{D59CDA54-6FA9-48F5-9833-64F17AC62131}.Debug|Any CPU.ActiveCfg = Debug|Any CPU
		{D59CDA54-6FA9-48F5-9833-64F17AC62131}.Debug|Any CPU.Build.0 = Debug|Any CPU
		{D59CDA54-6FA9-48F5-9833-64F17AC62131}.Release|Any CPU.ActiveCfg = Release|Any CPU
		{D59CDA54-6FA9-48F5-9833-64F17AC62131}.Release|Any CPU.Build.0 = Release|Any CPU
		{E1021D3F-E11E-40E1-BCA4-8848970F8D17}.Debug|Any CPU.ActiveCfg = Debug|Any CPU
		{E1021D3F-E11E-40E1-BCA4-8848970F8D17}.Debug|Any CPU.Build.0 = Debug|Any CPU
		{E1021D3F-E11E-40E1-BCA4-8848970F8D17}.Release|Any CPU.ActiveCfg = Release|Any CPU
		{E1021D3F-E11E-40E1-BCA4-8848970F8D17}.Release|Any CPU.Build.0 = Release|Any CPU
		{2B1CDDD8-C8DC-44EE-8C13-1ABA07BD8C00}.Debug|Any CPU.ActiveCfg = Debug|Any CPU
		{2B1CDDD8-C8DC-44EE-8C13-1ABA07BD8C00}.Debug|Any CPU.Build.0 = Debug|Any CPU
		{2B1CDDD8-C8DC-44EE-8C13-1ABA07BD8C00}.Release|Any CPU.ActiveCfg = Release|Any CPU
		{2B1CDDD8-C8DC-44EE-8C13-1ABA07BD8C00}.Release|Any CPU.Build.0 = Release|Any CPU
		{B62C26C0-8630-4DAC-BF79-2F82141D495F}.Debug|Any CPU.ActiveCfg = Debug|Any CPU
		{B62C26C0-8630-4DAC-BF79-2F82141D495F}.Debug|Any CPU.Build.0 = Debug|Any CPU
		{B62C26C0-8630-4DAC-BF79-2F82141D495F}.Release|Any CPU.ActiveCfg = Release|Any CPU
		{B62C26C0-8630-4DAC-BF79-2F82141D495F}.Release|Any CPU.Build.0 = Release|Any CPU
		{EFE440B7-D618-4D40-8E1E-40F6EFDB69A2}.Debug|Any CPU.ActiveCfg = Debug|Any CPU
		{EFE440B7-D618-4D40-8E1E-40F6EFDB69A2}.Debug|Any CPU.Build.0 = Debug|Any CPU
		{EFE440B7-D618-4D40-8E1E-40F6EFDB69A2}.Release|Any CPU.ActiveCfg = Release|Any CPU
		{EFE440B7-D618-4D40-8E1E-40F6EFDB69A2}.Release|Any CPU.Build.0 = Release|Any CPU
		{A1A4249C-27AB-4A5E-AE9A-46846D02CAEB}.Debug|Any CPU.ActiveCfg = Debug|Any CPU
		{A1A4249C-27AB-4A5E-AE9A-46846D02CAEB}.Debug|Any CPU.Build.0 = Debug|Any CPU
		{A1A4249C-27AB-4A5E-AE9A-46846D02CAEB}.Release|Any CPU.ActiveCfg = Release|Any CPU
		{A1A4249C-27AB-4A5E-AE9A-46846D02CAEB}.Release|Any CPU.Build.0 = Release|Any CPU
		{7CB205CF-EF14-4776-BBAA-E47F9E3235DE}.Debug|Any CPU.ActiveCfg = Debug|Any CPU
		{7CB205CF-EF14-4776-BBAA-E47F9E3235DE}.Debug|Any CPU.Build.0 = Debug|Any CPU
		{7CB205CF-EF14-4776-BBAA-E47F9E3235DE}.Release|Any CPU.ActiveCfg = Release|Any CPU
		{7CB205CF-EF14-4776-BBAA-E47F9E3235DE}.Release|Any CPU.Build.0 = Release|Any CPU
	EndGlobalSection
	GlobalSection(SolutionProperties) = preSolution
		HideSolutionNode = FALSE
	EndGlobalSection
	GlobalSection(ExtensibilityGlobals) = postSolution
		SolutionGuid = {04005D6F-E38A-4597-B373-4ED140690B79}
	EndGlobalSection
EndGlobal
